
Microsoft Visual Studio Solution File, Format Version 10.00
# Visual Studio 2008
Project("{8BC9CEB8-8B4A-11D0-8D11-00A0C91BC942}") = "demo2_1", "demo2_1\demo2_1.vcproj", "{A03D34A9-98E0-4FF2-8193-AAEFEAA7BCAA}"
	ProjectSection(ProjectDependencies) = postProject
		{840589CD-DB4B-4FFB-959E-98B2CFADF848} = {840589CD-DB4B-4FFB-959E-98B2CFADF848}
	EndProjectSection
EndProject
Project("{8BC9CEB8-8B4A-11D0-8D11-00A0C91BC942}") = "dxut", "dxut\scripts\dxut.vcproj", "{840589CD-DB4B-4FFB-959E-98B2CFADF848}"
EndProject
Project("{8BC9CEB8-8B4A-11D0-8D11-00A0C91BC942}") = "demo2_2", "demo2_2\demo2_2.vcproj", "{75F896A5-F6F2-410E-8E47-00D18993B766}"
	ProjectSection(ProjectDependencies) = postProject
		{5D10D16E-E3AA-4430-83DB-4A4FBB9A201D} = {5D10D16E-E3AA-4430-83DB-4A4FBB9A201D}
	EndProjectSection
EndProject
Project("{8BC9CEB8-8B4A-11D0-8D11-00A0C91BC942}") = "MayaExport_fg", "MayaExport\scripts\MayaExport_fg.vcproj", "{B8E79576-F7E4-4E50-97DB-08FF62F206AD}"
EndProject
Project("{8BC9CEB8-8B4A-11D0-8D11-00A0C91BC942}") = "zlib", "zlib\scripts\zlib.vcproj", "{4B104248-0F92-4516-8D50-E87D5E9BB6B6}"
EndProject
Project("{8BC9CEB8-8B4A-11D0-8D11-00A0C91BC942}") = "zziplib", "zziplib\scripts\zziplib.vcproj", "{5D10D16E-E3AA-4430-83DB-4A4FBB9A201D}"
	ProjectSection(ProjectDependencies) = postProject
		{4B104248-0F92-4516-8D50-E87D5E9BB6B6} = {4B104248-0F92-4516-8D50-E87D5E9BB6B6}
	EndProjectSection
EndProject
Project("{8BC9CEB8-8B4A-11D0-8D11-00A0C91BC942}") = "demo2_3", "demo2_3\demo2_3.vcproj", "{CB0CD6EC-FB35-493C-BCA2-7B90F5D5D405}"
	ProjectSection(ProjectDependencies) = postProject
		{840589CD-DB4B-4FFB-959E-98B2CFADF848} = {840589CD-DB4B-4FFB-959E-98B2CFADF848}
	EndProjectSection
EndProject
Project("{8BC9CEB8-8B4A-11D0-8D11-00A0C91BC942}") = "myd3dlib", "myd3dlib\scripts\myd3dlib.vcproj", "{1F5CF866-21B8-4F4B-B9D1-6159003E468F}"
EndProject
Global
	GlobalSection(SolutionConfigurationPlatforms) = preSolution
		Debug|Win32 = Debug|Win32
		Release|Win32 = Release|Win32
	EndGlobalSection
	GlobalSection(ProjectConfigurationPlatforms) = postSolution
		{A03D34A9-98E0-4FF2-8193-AAEFEAA7BCAA}.Debug|Win32.ActiveCfg = Debug|Win32
		{A03D34A9-98E0-4FF2-8193-AAEFEAA7BCAA}.Debug|Win32.Build.0 = Debug|Win32
		{A03D34A9-98E0-4FF2-8193-AAEFEAA7BCAA}.Release|Win32.ActiveCfg = Release|Win32
		{A03D34A9-98E0-4FF2-8193-AAEFEAA7BCAA}.Release|Win32.Build.0 = Release|Win32
		{840589CD-DB4B-4FFB-959E-98B2CFADF848}.Debug|Win32.ActiveCfg = Debug|Win32
		{840589CD-DB4B-4FFB-959E-98B2CFADF848}.Debug|Win32.Build.0 = Debug|Win32
		{840589CD-DB4B-4FFB-959E-98B2CFADF848}.Release|Win32.ActiveCfg = Release|Win32
		{840589CD-DB4B-4FFB-959E-98B2CFADF848}.Release|Win32.Build.0 = Release|Win32
		{75F896A5-F6F2-410E-8E47-00D18993B766}.Debug|Win32.ActiveCfg = Debug|Win32
		{75F896A5-F6F2-410E-8E47-00D18993B766}.Debug|Win32.Build.0 = Debug|Win32
		{75F896A5-F6F2-410E-8E47-00D18993B766}.Release|Win32.ActiveCfg = Release|Win32
		{75F896A5-F6F2-410E-8E47-00D18993B766}.Release|Win32.Build.0 = Release|Win32
		{B8E79576-F7E4-4E50-97DB-08FF62F206AD}.Debug|Win32.ActiveCfg = Debug|Win32
		{B8E79576-F7E4-4E50-97DB-08FF62F206AD}.Debug|Win32.Build.0 = Debug|Win32
		{B8E79576-F7E4-4E50-97DB-08FF62F206AD}.Release|Win32.ActiveCfg = Release|Win32
		{B8E79576-F7E4-4E50-97DB-08FF62F206AD}.Release|Win32.Build.0 = Release|Win32
		{4B104248-0F92-4516-8D50-E87D5E9BB6B6}.Debug|Win32.ActiveCfg = Debug|Win32
		{4B104248-0F92-4516-8D50-E87D5E9BB6B6}.Debug|Win32.Build.0 = Debug|Win32
		{4B104248-0F92-4516-8D50-E87D5E9BB6B6}.Release|Win32.ActiveCfg = Release|Win32
		{4B104248-0F92-4516-8D50-E87D5E9BB6B6}.Release|Win32.Build.0 = Release|Win32
		{5D10D16E-E3AA-4430-83DB-4A4FBB9A201D}.Debug|Win32.ActiveCfg = Debug|Win32
		{5D10D16E-E3AA-4430-83DB-4A4FBB9A201D}.Debug|Win32.Build.0 = Debug|Win32
		{5D10D16E-E3AA-4430-83DB-4A4FBB9A201D}.Release|Win32.ActiveCfg = Release|Win32
		{5D10D16E-E3AA-4430-83DB-4A4FBB9A201D}.Release|Win32.Build.0 = Release|Win32
		{CB0CD6EC-FB35-493C-BCA2-7B90F5D5D405}.Debug|Win32.ActiveCfg = Debug|Win32
		{CB0CD6EC-FB35-493C-BCA2-7B90F5D5D405}.Debug|Win32.Build.0 = Debug|Win32
		{CB0CD6EC-FB35-493C-BCA2-7B90F5D5D405}.Release|Win32.ActiveCfg = Release|Win32
		{CB0CD6EC-FB35-493C-BCA2-7B90F5D5D405}.Release|Win32.Build.0 = Release|Win32
		{1F5CF866-21B8-4F4B-B9D1-6159003E468F}.Debug|Win32.ActiveCfg = Debug|Win32
		{1F5CF866-21B8-4F4B-B9D1-6159003E468F}.Debug|Win32.Build.0 = Debug|Win32
		{1F5CF866-21B8-4F4B-B9D1-6159003E468F}.Release|Win32.ActiveCfg = Release|Win32
		{1F5CF866-21B8-4F4B-B9D1-6159003E468F}.Release|Win32.Build.0 = Release|Win32
	EndGlobalSection
	GlobalSection(SolutionProperties) = preSolution
		HideSolutionNode = FALSE
	EndGlobalSection
EndGlobal
