
Microsoft Visual Studio Solution File, Format Version 10.00
# Visual Studio 2008
Project("{8BC9CEB8-8B4A-11D0-8D11-00A0C91BC942}") = "demo2_1", "demo2_1\demo2_1.vcproj", "{A03D34A9-98E0-4FF2-8193-AAEFEAA7BCAA}"
	ProjectSection(ProjectDependencies) = postProject
		{198A862B-2908-48A8-8654-5D6B4583E441} = {198A862B-2908-48A8-8654-5D6B4583E441}
		{8F8C0F3C-BAEC-48FF-900A-33C045BB395F} = {8F8C0F3C-BAEC-48FF-900A-33C045BB395F}
		{97882A3E-FE4E-4CFF-9863-517FFD484289} = {97882A3E-FE4E-4CFF-9863-517FFD484289}
		{4B104248-0F92-4516-8D50-E87D5E9BB6B6} = {4B104248-0F92-4516-8D50-E87D5E9BB6B6}
		{1F5CF866-21B8-4F4B-B9D1-6159003E468F} = {1F5CF866-21B8-4F4B-B9D1-6159003E468F}
		{AB3A72EC-552C-41BD-9D73-761D2419D4D1} = {AB3A72EC-552C-41BD-9D73-761D2419D4D1}
	EndProjectSection
EndProject
Project("{8BC9CEB8-8B4A-11D0-8D11-00A0C91BC942}") = "demo2_2", "demo2_2\demo2_2.vcproj", "{75F896A5-F6F2-410E-8E47-00D18993B766}"
	ProjectSection(ProjectDependencies) = postProject
		{198A862B-2908-48A8-8654-5D6B4583E441} = {198A862B-2908-48A8-8654-5D6B4583E441}
		{8F8C0F3C-BAEC-48FF-900A-33C045BB395F} = {8F8C0F3C-BAEC-48FF-900A-33C045BB395F}
		{97882A3E-FE4E-4CFF-9863-517FFD484289} = {97882A3E-FE4E-4CFF-9863-517FFD484289}
		{4B104248-0F92-4516-8D50-E87D5E9BB6B6} = {4B104248-0F92-4516-8D50-E87D5E9BB6B6}
		{1F5CF866-21B8-4F4B-B9D1-6159003E468F} = {1F5CF866-21B8-4F4B-B9D1-6159003E468F}
		{AB3A72EC-552C-41BD-9D73-761D2419D4D1} = {AB3A72EC-552C-41BD-9D73-761D2419D4D1}
	EndProjectSection
EndProject
Project("{8BC9CEB8-8B4A-11D0-8D11-00A0C91BC942}") = "zlib", "zlib\scripts\zlib.vcproj", "{4B104248-0F92-4516-8D50-E87D5E9BB6B6}"
EndProject
Project("{8BC9CEB8-8B4A-11D0-8D11-00A0C91BC942}") = "demo2_3", "demo2_3\demo2_3.vcproj", "{CB0CD6EC-FB35-493C-BCA2-7B90F5D5D405}"
	ProjectSection(ProjectDependencies) = postProject
		{198A862B-2908-48A8-8654-5D6B4583E441} = {198A862B-2908-48A8-8654-5D6B4583E441}
		{8F8C0F3C-BAEC-48FF-900A-33C045BB395F} = {8F8C0F3C-BAEC-48FF-900A-33C045BB395F}
		{97882A3E-FE4E-4CFF-9863-517FFD484289} = {97882A3E-FE4E-4CFF-9863-517FFD484289}
		{4B104248-0F92-4516-8D50-E87D5E9BB6B6} = {4B104248-0F92-4516-8D50-E87D5E9BB6B6}
		{1F5CF866-21B8-4F4B-B9D1-6159003E468F} = {1F5CF866-21B8-4F4B-B9D1-6159003E468F}
		{AB3A72EC-552C-41BD-9D73-761D2419D4D1} = {AB3A72EC-552C-41BD-9D73-761D2419D4D1}
	EndProjectSection
EndProject
Project("{8BC9CEB8-8B4A-11D0-8D11-00A0C91BC942}") = "myd3dlib", "myd3dlib\scripts\myd3dlib.vcproj", "{1F5CF866-21B8-4F4B-B9D1-6159003E468F}"
EndProject
Project("{8BC9CEB8-8B4A-11D0-8D11-00A0C91BC942}") = "lua51", "lua51\scripts\lua51.vcproj", "{198A862B-2908-48A8-8654-5D6B4583E441}"
EndProject
Project("{8BC9CEB8-8B4A-11D0-8D11-00A0C91BC942}") = "freetype", "freetype\scripts\freetype.vcproj", "{AB3A72EC-552C-41BD-9D73-761D2419D4D1}"
EndProject
Project("{8BC9CEB8-8B4A-11D0-8D11-00A0C91BC942}") = "luabind", "luabind\scripts\luabind.vcproj", "{8F8C0F3C-BAEC-48FF-900A-33C045BB395F}"
EndProject
Project("{8BC9CEB8-8B4A-11D0-8D11-00A0C91BC942}") = "myd3dbox", "myd3dbox\myd3dbox.vcproj", "{0736F52B-D0C5-4075-8C60-F4838E7EDEC7}"
	ProjectSection(ProjectDependencies) = postProject
		{198A862B-2908-48A8-8654-5D6B4583E441} = {198A862B-2908-48A8-8654-5D6B4583E441}
		{8F8C0F3C-BAEC-48FF-900A-33C045BB395F} = {8F8C0F3C-BAEC-48FF-900A-33C045BB395F}
		{97882A3E-FE4E-4CFF-9863-517FFD484289} = {97882A3E-FE4E-4CFF-9863-517FFD484289}
		{4B104248-0F92-4516-8D50-E87D5E9BB6B6} = {4B104248-0F92-4516-8D50-E87D5E9BB6B6}
		{1F5CF866-21B8-4F4B-B9D1-6159003E468F} = {1F5CF866-21B8-4F4B-B9D1-6159003E468F}
		{DBE44CA3-2912-4441-8D99-AA2242688AD2} = {DBE44CA3-2912-4441-8D99-AA2242688AD2}
		{AB3A72EC-552C-41BD-9D73-761D2419D4D1} = {AB3A72EC-552C-41BD-9D73-761D2419D4D1}
	EndProjectSection
EndProject
Project("{8BC9CEB8-8B4A-11D0-8D11-00A0C91BC942}") = "PxToolkit", "PxToolkit\scripts\PxToolkit.vcproj", "{FD3A9F18-00FA-4936-AE21-7455E3964D34}"
EndProject
Project("{8BC9CEB8-8B4A-11D0-8D11-00A0C91BC942}") = "libboost_serialization", "libboost_serialization\scripts\libboost_serialization.vcproj", "{97882A3E-FE4E-4CFF-9863-517FFD484289}"
EndProject
Project("{8BC9CEB8-8B4A-11D0-8D11-00A0C91BC942}") = "Opcode", "Opcode\Opcode.vcproj", "{DBE44CA3-2912-4441-8D99-AA2242688AD2}"
EndProject
Project("{8BC9CEB8-8B4A-11D0-8D11-00A0C91BC942}") = "ImgRegion", "ImgRegion\ImgRegion.vcproj", "{1A350FC9-BBE6-454A-9D01-EE69ADB76F7C}"
EndProject
Global
	GlobalSection(SolutionConfigurationPlatforms) = preSolution
		Debug|Win32 = Debug|Win32
		Release|Win32 = Release|Win32
	EndGlobalSection
	GlobalSection(ProjectConfigurationPlatforms) = postSolution
		{A03D34A9-98E0-4FF2-8193-AAEFEAA7BCAA}.Debug|Win32.ActiveCfg = Debug|Win32
		{A03D34A9-98E0-4FF2-8193-AAEFEAA7BCAA}.Debug|Win32.Build.0 = Debug|Win32
		{A03D34A9-98E0-4FF2-8193-AAEFEAA7BCAA}.Release|Win32.ActiveCfg = Release|Win32
		{A03D34A9-98E0-4FF2-8193-AAEFEAA7BCAA}.Release|Win32.Build.0 = Release|Win32
		{75F896A5-F6F2-410E-8E47-00D18993B766}.Debug|Win32.ActiveCfg = Debug|Win32
		{75F896A5-F6F2-410E-8E47-00D18993B766}.Debug|Win32.Build.0 = Debug|Win32
		{75F896A5-F6F2-410E-8E47-00D18993B766}.Release|Win32.ActiveCfg = Release|Win32
		{75F896A5-F6F2-410E-8E47-00D18993B766}.Release|Win32.Build.0 = Release|Win32
		{4B104248-0F92-4516-8D50-E87D5E9BB6B6}.Debug|Win32.ActiveCfg = Debug|Win32
		{4B104248-0F92-4516-8D50-E87D5E9BB6B6}.Debug|Win32.Build.0 = Debug|Win32
		{4B104248-0F92-4516-8D50-E87D5E9BB6B6}.Release|Win32.ActiveCfg = Release|Win32
		{4B104248-0F92-4516-8D50-E87D5E9BB6B6}.Release|Win32.Build.0 = Release|Win32
		{CB0CD6EC-FB35-493C-BCA2-7B90F5D5D405}.Debug|Win32.ActiveCfg = Debug|Win32
		{CB0CD6EC-FB35-493C-BCA2-7B90F5D5D405}.Debug|Win32.Build.0 = Debug|Win32
		{CB0CD6EC-FB35-493C-BCA2-7B90F5D5D405}.Release|Win32.ActiveCfg = Release|Win32
		{CB0CD6EC-FB35-493C-BCA2-7B90F5D5D405}.Release|Win32.Build.0 = Release|Win32
		{1F5CF866-21B8-4F4B-B9D1-6159003E468F}.Debug|Win32.ActiveCfg = Debug|Win32
		{1F5CF866-21B8-4F4B-B9D1-6159003E468F}.Debug|Win32.Build.0 = Debug|Win32
		{1F5CF866-21B8-4F4B-B9D1-6159003E468F}.Release|Win32.ActiveCfg = Release|Win32
		{1F5CF866-21B8-4F4B-B9D1-6159003E468F}.Release|Win32.Build.0 = Release|Win32
		{198A862B-2908-48A8-8654-5D6B4583E441}.Debug|Win32.ActiveCfg = Debug|Win32
		{198A862B-2908-48A8-8654-5D6B4583E441}.Debug|Win32.Build.0 = Debug|Win32
		{198A862B-2908-48A8-8654-5D6B4583E441}.Release|Win32.ActiveCfg = Release|Win32
		{198A862B-2908-48A8-8654-5D6B4583E441}.Release|Win32.Build.0 = Release|Win32
		{AB3A72EC-552C-41BD-9D73-761D2419D4D1}.Debug|Win32.ActiveCfg = Debug|Win32
		{AB3A72EC-552C-41BD-9D73-761D2419D4D1}.Debug|Win32.Build.0 = Debug|Win32
		{AB3A72EC-552C-41BD-9D73-761D2419D4D1}.Release|Win32.ActiveCfg = Release|Win32
		{AB3A72EC-552C-41BD-9D73-761D2419D4D1}.Release|Win32.Build.0 = Release|Win32
		{8F8C0F3C-BAEC-48FF-900A-33C045BB395F}.Debug|Win32.ActiveCfg = Debug|Win32
		{8F8C0F3C-BAEC-48FF-900A-33C045BB395F}.Debug|Win32.Build.0 = Debug|Win32
		{8F8C0F3C-BAEC-48FF-900A-33C045BB395F}.Release|Win32.ActiveCfg = Release|Win32
		{8F8C0F3C-BAEC-48FF-900A-33C045BB395F}.Release|Win32.Build.0 = Release|Win32
		{0736F52B-D0C5-4075-8C60-F4838E7EDEC7}.Debug|Win32.ActiveCfg = Debug|Win32
		{0736F52B-D0C5-4075-8C60-F4838E7EDEC7}.Debug|Win32.Build.0 = Debug|Win32
		{0736F52B-D0C5-4075-8C60-F4838E7EDEC7}.Release|Win32.ActiveCfg = Release|Win32
		{0736F52B-D0C5-4075-8C60-F4838E7EDEC7}.Release|Win32.Build.0 = Release|Win32
		{FD3A9F18-00FA-4936-AE21-7455E3964D34}.Debug|Win32.ActiveCfg = Debug|Win32
		{FD3A9F18-00FA-4936-AE21-7455E3964D34}.Debug|Win32.Build.0 = Debug|Win32
		{FD3A9F18-00FA-4936-AE21-7455E3964D34}.Release|Win32.ActiveCfg = Release|Win32
		{FD3A9F18-00FA-4936-AE21-7455E3964D34}.Release|Win32.Build.0 = Release|Win32
		{97882A3E-FE4E-4CFF-9863-517FFD484289}.Debug|Win32.ActiveCfg = Debug|Win32
		{97882A3E-FE4E-4CFF-9863-517FFD484289}.Debug|Win32.Build.0 = Debug|Win32
		{97882A3E-FE4E-4CFF-9863-517FFD484289}.Release|Win32.ActiveCfg = Release|Win32
		{97882A3E-FE4E-4CFF-9863-517FFD484289}.Release|Win32.Build.0 = Release|Win32
		{DBE44CA3-2912-4441-8D99-AA2242688AD2}.Debug|Win32.ActiveCfg = Debug|Win32
		{DBE44CA3-2912-4441-8D99-AA2242688AD2}.Debug|Win32.Build.0 = Debug|Win32
		{DBE44CA3-2912-4441-8D99-AA2242688AD2}.Release|Win32.ActiveCfg = Release|Win32
		{DBE44CA3-2912-4441-8D99-AA2242688AD2}.Release|Win32.Build.0 = Release|Win32
		{1A350FC9-BBE6-454A-9D01-EE69ADB76F7C}.Debug|Win32.ActiveCfg = Debug|Win32
		{1A350FC9-BBE6-454A-9D01-EE69ADB76F7C}.Debug|Win32.Build.0 = Debug|Win32
		{1A350FC9-BBE6-454A-9D01-EE69ADB76F7C}.Release|Win32.ActiveCfg = Release|Win32
		{1A350FC9-BBE6-454A-9D01-EE69ADB76F7C}.Release|Win32.Build.0 = Release|Win32
	EndGlobalSection
	GlobalSection(SolutionProperties) = preSolution
		HideSolutionNode = FALSE
	EndGlobalSection
EndGlobal
