
Microsoft Visual Studio Solution File, Format Version 10.00
# Visual Studio 2008
Project("{8BC9CEB8-8B4A-11D0-8D11-00A0C91BC942}") = "demo2_1", "demo2_1\demo2_1.vcproj", "{A03D34A9-98E0-4FF2-8193-AAEFEAA7BCAA}"
	ProjectSection(ProjectDependencies) = postProject
		{0A85AD0D-4FD4-4E8A-9D8A-F1D6B25D38E5} = {0A85AD0D-4FD4-4E8A-9D8A-F1D6B25D38E5}
		{198A862B-2908-48A8-8654-5D6B4583E441} = {198A862B-2908-48A8-8654-5D6B4583E441}
		{D80B763E-7648-4560-95F5-0C980CFF73F0} = {D80B763E-7648-4560-95F5-0C980CFF73F0}
		{4B104248-0F92-4516-8D50-E87D5E9BB6B6} = {4B104248-0F92-4516-8D50-E87D5E9BB6B6}
		{1F5CF866-21B8-4F4B-B9D1-6159003E468F} = {1F5CF866-21B8-4F4B-B9D1-6159003E468F}
		{AD123EB0-0037-4654-B3D3-D318C00B638D} = {AD123EB0-0037-4654-B3D3-D318C00B638D}
		{A60DCDC0-4F63-4EA4-BA6F-0A0B9054FFEF} = {A60DCDC0-4F63-4EA4-BA6F-0A0B9054FFEF}
		{840589CD-DB4B-4FFB-959E-98B2CFADF848} = {840589CD-DB4B-4FFB-959E-98B2CFADF848}
		{AB3A72EC-552C-41BD-9D73-761D2419D4D1} = {AB3A72EC-552C-41BD-9D73-761D2419D4D1}
	EndProjectSection
EndProject
Project("{8BC9CEB8-8B4A-11D0-8D11-00A0C91BC942}") = "dxut", "dxut\scripts\dxut.vcproj", "{840589CD-DB4B-4FFB-959E-98B2CFADF848}"
EndProject
Project("{8BC9CEB8-8B4A-11D0-8D11-00A0C91BC942}") = "demo2_2", "demo2_2\demo2_2.vcproj", "{75F896A5-F6F2-410E-8E47-00D18993B766}"
	ProjectSection(ProjectDependencies) = postProject
		{0A85AD0D-4FD4-4E8A-9D8A-F1D6B25D38E5} = {0A85AD0D-4FD4-4E8A-9D8A-F1D6B25D38E5}
		{198A862B-2908-48A8-8654-5D6B4583E441} = {198A862B-2908-48A8-8654-5D6B4583E441}
		{D80B763E-7648-4560-95F5-0C980CFF73F0} = {D80B763E-7648-4560-95F5-0C980CFF73F0}
		{4B104248-0F92-4516-8D50-E87D5E9BB6B6} = {4B104248-0F92-4516-8D50-E87D5E9BB6B6}
		{1F5CF866-21B8-4F4B-B9D1-6159003E468F} = {1F5CF866-21B8-4F4B-B9D1-6159003E468F}
		{AD123EB0-0037-4654-B3D3-D318C00B638D} = {AD123EB0-0037-4654-B3D3-D318C00B638D}
		{A60DCDC0-4F63-4EA4-BA6F-0A0B9054FFEF} = {A60DCDC0-4F63-4EA4-BA6F-0A0B9054FFEF}
		{840589CD-DB4B-4FFB-959E-98B2CFADF848} = {840589CD-DB4B-4FFB-959E-98B2CFADF848}
		{AB3A72EC-552C-41BD-9D73-761D2419D4D1} = {AB3A72EC-552C-41BD-9D73-761D2419D4D1}
	EndProjectSection
EndProject
Project("{8BC9CEB8-8B4A-11D0-8D11-00A0C91BC942}") = "zlib", "zlib\scripts\zlib.vcproj", "{4B104248-0F92-4516-8D50-E87D5E9BB6B6}"
EndProject
Project("{8BC9CEB8-8B4A-11D0-8D11-00A0C91BC942}") = "demo2_3", "demo2_3\demo2_3.vcproj", "{CB0CD6EC-FB35-493C-BCA2-7B90F5D5D405}"
	ProjectSection(ProjectDependencies) = postProject
		{0A85AD0D-4FD4-4E8A-9D8A-F1D6B25D38E5} = {0A85AD0D-4FD4-4E8A-9D8A-F1D6B25D38E5}
		{198A862B-2908-48A8-8654-5D6B4583E441} = {198A862B-2908-48A8-8654-5D6B4583E441}
		{D80B763E-7648-4560-95F5-0C980CFF73F0} = {D80B763E-7648-4560-95F5-0C980CFF73F0}
		{4B104248-0F92-4516-8D50-E87D5E9BB6B6} = {4B104248-0F92-4516-8D50-E87D5E9BB6B6}
		{1F5CF866-21B8-4F4B-B9D1-6159003E468F} = {1F5CF866-21B8-4F4B-B9D1-6159003E468F}
		{AD123EB0-0037-4654-B3D3-D318C00B638D} = {AD123EB0-0037-4654-B3D3-D318C00B638D}
		{A60DCDC0-4F63-4EA4-BA6F-0A0B9054FFEF} = {A60DCDC0-4F63-4EA4-BA6F-0A0B9054FFEF}
		{840589CD-DB4B-4FFB-959E-98B2CFADF848} = {840589CD-DB4B-4FFB-959E-98B2CFADF848}
		{AB3A72EC-552C-41BD-9D73-761D2419D4D1} = {AB3A72EC-552C-41BD-9D73-761D2419D4D1}
	EndProjectSection
EndProject
Project("{8BC9CEB8-8B4A-11D0-8D11-00A0C91BC942}") = "myd3dlib", "myd3dlib\scripts\myd3dlib.vcproj", "{1F5CF866-21B8-4F4B-B9D1-6159003E468F}"
EndProject
Project("{8BC9CEB8-8B4A-11D0-8D11-00A0C91BC942}") = "lua51", "lua51\scripts\lua51.vcproj", "{198A862B-2908-48A8-8654-5D6B4583E441}"
EndProject
Project("{8BC9CEB8-8B4A-11D0-8D11-00A0C91BC942}") = "freetype", "freetype\scripts\freetype.vcproj", "{AB3A72EC-552C-41BD-9D73-761D2419D4D1}"
EndProject
Project("{8BC9CEB8-8B4A-11D0-8D11-00A0C91BC942}") = "BulletCollision", "bullet\scripts\BulletCollision.vcproj", "{0A85AD0D-4FD4-4E8A-9D8A-F1D6B25D38E5}"
EndProject
Project("{8BC9CEB8-8B4A-11D0-8D11-00A0C91BC942}") = "BulletDynamics", "bullet\scripts\BulletDynamics.vcproj", "{A60DCDC0-4F63-4EA4-BA6F-0A0B9054FFEF}"
EndProject
Project("{8BC9CEB8-8B4A-11D0-8D11-00A0C91BC942}") = "LinearMath", "bullet\scripts\LinearMath.vcproj", "{AD123EB0-0037-4654-B3D3-D318C00B638D}"
EndProject
Project("{8BC9CEB8-8B4A-11D0-8D11-00A0C91BC942}") = "MyGUIEngine", "MyGUIEngine\scripts\MyGUIEngine.vcproj", "{D80B763E-7648-4560-95F5-0C980CFF73F0}"
EndProject
Global
	GlobalSection(SolutionConfigurationPlatforms) = preSolution
		Debug|Win32 = Debug|Win32
		Release|Win32 = Release|Win32
	EndGlobalSection
	GlobalSection(ProjectConfigurationPlatforms) = postSolution
		{A03D34A9-98E0-4FF2-8193-AAEFEAA7BCAA}.Debug|Win32.ActiveCfg = Debug|Win32
		{A03D34A9-98E0-4FF2-8193-AAEFEAA7BCAA}.Debug|Win32.Build.0 = Debug|Win32
		{A03D34A9-98E0-4FF2-8193-AAEFEAA7BCAA}.Release|Win32.ActiveCfg = Release|Win32
		{A03D34A9-98E0-4FF2-8193-AAEFEAA7BCAA}.Release|Win32.Build.0 = Release|Win32
		{840589CD-DB4B-4FFB-959E-98B2CFADF848}.Debug|Win32.ActiveCfg = Debug|Win32
		{840589CD-DB4B-4FFB-959E-98B2CFADF848}.Debug|Win32.Build.0 = Debug|Win32
		{840589CD-DB4B-4FFB-959E-98B2CFADF848}.Release|Win32.ActiveCfg = Release|Win32
		{840589CD-DB4B-4FFB-959E-98B2CFADF848}.Release|Win32.Build.0 = Release|Win32
		{75F896A5-F6F2-410E-8E47-00D18993B766}.Debug|Win32.ActiveCfg = Debug|Win32
		{75F896A5-F6F2-410E-8E47-00D18993B766}.Debug|Win32.Build.0 = Debug|Win32
		{75F896A5-F6F2-410E-8E47-00D18993B766}.Release|Win32.ActiveCfg = Release|Win32
		{75F896A5-F6F2-410E-8E47-00D18993B766}.Release|Win32.Build.0 = Release|Win32
		{4B104248-0F92-4516-8D50-E87D5E9BB6B6}.Debug|Win32.ActiveCfg = Debug|Win32
		{4B104248-0F92-4516-8D50-E87D5E9BB6B6}.Debug|Win32.Build.0 = Debug|Win32
		{4B104248-0F92-4516-8D50-E87D5E9BB6B6}.Release|Win32.ActiveCfg = Release|Win32
		{4B104248-0F92-4516-8D50-E87D5E9BB6B6}.Release|Win32.Build.0 = Release|Win32
		{CB0CD6EC-FB35-493C-BCA2-7B90F5D5D405}.Debug|Win32.ActiveCfg = Debug|Win32
		{CB0CD6EC-FB35-493C-BCA2-7B90F5D5D405}.Debug|Win32.Build.0 = Debug|Win32
		{CB0CD6EC-FB35-493C-BCA2-7B90F5D5D405}.Release|Win32.ActiveCfg = Release|Win32
		{CB0CD6EC-FB35-493C-BCA2-7B90F5D5D405}.Release|Win32.Build.0 = Release|Win32
		{1F5CF866-21B8-4F4B-B9D1-6159003E468F}.Debug|Win32.ActiveCfg = Debug|Win32
		{1F5CF866-21B8-4F4B-B9D1-6159003E468F}.Debug|Win32.Build.0 = Debug|Win32
		{1F5CF866-21B8-4F4B-B9D1-6159003E468F}.Release|Win32.ActiveCfg = Release|Win32
		{1F5CF866-21B8-4F4B-B9D1-6159003E468F}.Release|Win32.Build.0 = Release|Win32
		{198A862B-2908-48A8-8654-5D6B4583E441}.Debug|Win32.ActiveCfg = Debug|Win32
		{198A862B-2908-48A8-8654-5D6B4583E441}.Debug|Win32.Build.0 = Debug|Win32
		{198A862B-2908-48A8-8654-5D6B4583E441}.Release|Win32.ActiveCfg = Release|Win32
		{198A862B-2908-48A8-8654-5D6B4583E441}.Release|Win32.Build.0 = Release|Win32
		{AB3A72EC-552C-41BD-9D73-761D2419D4D1}.Debug|Win32.ActiveCfg = Debug|Win32
		{AB3A72EC-552C-41BD-9D73-761D2419D4D1}.Debug|Win32.Build.0 = Debug|Win32
		{AB3A72EC-552C-41BD-9D73-761D2419D4D1}.Release|Win32.ActiveCfg = Release|Win32
		{AB3A72EC-552C-41BD-9D73-761D2419D4D1}.Release|Win32.Build.0 = Release|Win32
		{0A85AD0D-4FD4-4E8A-9D8A-F1D6B25D38E5}.Debug|Win32.ActiveCfg = Debug|Win32
		{0A85AD0D-4FD4-4E8A-9D8A-F1D6B25D38E5}.Debug|Win32.Build.0 = Debug|Win32
		{0A85AD0D-4FD4-4E8A-9D8A-F1D6B25D38E5}.Release|Win32.ActiveCfg = Release|Win32
		{0A85AD0D-4FD4-4E8A-9D8A-F1D6B25D38E5}.Release|Win32.Build.0 = Release|Win32
		{A60DCDC0-4F63-4EA4-BA6F-0A0B9054FFEF}.Debug|Win32.ActiveCfg = Debug|Win32
		{A60DCDC0-4F63-4EA4-BA6F-0A0B9054FFEF}.Debug|Win32.Build.0 = Debug|Win32
		{A60DCDC0-4F63-4EA4-BA6F-0A0B9054FFEF}.Release|Win32.ActiveCfg = Release|Win32
		{A60DCDC0-4F63-4EA4-BA6F-0A0B9054FFEF}.Release|Win32.Build.0 = Release|Win32
		{AD123EB0-0037-4654-B3D3-D318C00B638D}.Debug|Win32.ActiveCfg = Debug|Win32
		{AD123EB0-0037-4654-B3D3-D318C00B638D}.Debug|Win32.Build.0 = Debug|Win32
		{AD123EB0-0037-4654-B3D3-D318C00B638D}.Release|Win32.ActiveCfg = Release|Win32
		{AD123EB0-0037-4654-B3D3-D318C00B638D}.Release|Win32.Build.0 = Release|Win32
		{D80B763E-7648-4560-95F5-0C980CFF73F0}.Debug|Win32.ActiveCfg = Debug|Win32
		{D80B763E-7648-4560-95F5-0C980CFF73F0}.Debug|Win32.Build.0 = Debug|Win32
		{D80B763E-7648-4560-95F5-0C980CFF73F0}.Release|Win32.ActiveCfg = Release|Win32
		{D80B763E-7648-4560-95F5-0C980CFF73F0}.Release|Win32.Build.0 = Release|Win32
	EndGlobalSection
	GlobalSection(SolutionProperties) = preSolution
		HideSolutionNode = FALSE
	EndGlobalSection
EndGlobal
