<?xml version="1.0" encoding="utf-8"?>
<Project ToolsVersion="4.0" xmlns="http://schemas.microsoft.com/developer/msbuild/2003">
  <ItemGroup>
    <Filter Include="Source Files">
      <UniqueIdentifier>{4FC737F1-C7A5-4376-A066-2A32D752A2FF}</UniqueIdentifier>
      <Extensions>cpp;c;cc;cxx;c++;cppm;ixx;def;odl;idl;hpj;bat;asm;asmx</Extensions>
    </Filter>
    <Filter Include="Header Files">
      <UniqueIdentifier>{93995380-89BD-4b04-88EB-625FBE52EBFB}</UniqueIdentifier>
      <Extensions>h;hh;hpp;hxx;h++;hm;inl;inc;ipp;xsd</Extensions>
    </Filter>
    <Filter Include="Resource Files">
      <UniqueIdentifier>{67DA6AB6-F800-4c08-8B7A-83BB121AAD01}</UniqueIdentifier>
      <Extensions>rc;ico;cur;bmp;dlg;rc2;rct;bin;rgs;gif;jpg;jpeg;jpe;resx;tiff;tif;png;wav;mfcribbon-ms</Extensions>
    </Filter>
  </ItemGroup>
  <ItemGroup>
    <ClInclude Include="include\basictypes.h">
      <Filter>Header Files</Filter>
    </ClInclude>
    <ClInclude Include="include\exception.h">
      <Filter>Header Files</Filter>
    </ClInclude>
    <ClInclude Include="include\interp.h">
      <Filter>Header Files</Filter>
    </ClInclude>
    <ClInclude Include="include\latlon.h">
      <Filter>Header Files</Filter>
    </ClInclude>
    <ClInclude Include="include\mathconsts.h">
      <Filter>Header Files</Filter>
    </ClInclude>
    <ClInclude Include="include\misc.h">
      <Filter>Header Files</Filter>
    </ClInclude>
    <ClInclude Include="include\noise.h">
      <Filter>Header Files</Filter>
    </ClInclude>
    <ClInclude Include="include\noisegen.h">
      <Filter>Header Files</Filter>
    </ClInclude>
    <ClInclude Include="include\vectortable.h">
      <Filter>Header Files</Filter>
    </ClInclude>
    <ClInclude Include="include\model\cylinder.h">
      <Filter>Header Files</Filter>
    </ClInclude>
    <ClInclude Include="include\model\line.h">
      <Filter>Header Files</Filter>
    </ClInclude>
    <ClInclude Include="include\model\model.h">
      <Filter>Header Files</Filter>
    </ClInclude>
    <ClInclude Include="include\model\plane.h">
      <Filter>Header Files</Filter>
    </ClInclude>
    <ClInclude Include="include\model\sphere.h">
      <Filter>Header Files</Filter>
    </ClInclude>
    <ClInclude Include="include\module\abs.h">
      <Filter>Header Files</Filter>
    </ClInclude>
    <ClInclude Include="include\module\add.h">
      <Filter>Header Files</Filter>
    </ClInclude>
    <ClInclude Include="include\module\billow.h">
      <Filter>Header Files</Filter>
    </ClInclude>
    <ClInclude Include="include\module\blend.h">
      <Filter>Header Files</Filter>
    </ClInclude>
    <ClInclude Include="include\module\cache.h">
      <Filter>Header Files</Filter>
    </ClInclude>
    <ClInclude Include="include\module\checkerboard.h">
      <Filter>Header Files</Filter>
    </ClInclude>
    <ClInclude Include="include\module\clamp.h">
      <Filter>Header Files</Filter>
    </ClInclude>
    <ClInclude Include="include\module\const.h">
      <Filter>Header Files</Filter>
    </ClInclude>
    <ClInclude Include="include\module\curve.h">
      <Filter>Header Files</Filter>
    </ClInclude>
    <ClInclude Include="include\module\cylinders.h">
      <Filter>Header Files</Filter>
    </ClInclude>
    <ClInclude Include="include\module\displace.h">
      <Filter>Header Files</Filter>
    </ClInclude>
    <ClInclude Include="include\module\exponent.h">
      <Filter>Header Files</Filter>
    </ClInclude>
    <ClInclude Include="include\module\invert.h">
      <Filter>Header Files</Filter>
    </ClInclude>
    <ClInclude Include="include\module\max.h">
      <Filter>Header Files</Filter>
    </ClInclude>
    <ClInclude Include="include\module\min.h">
      <Filter>Header Files</Filter>
    </ClInclude>
    <ClInclude Include="include\module\module.h">
      <Filter>Header Files</Filter>
    </ClInclude>
    <ClInclude Include="include\module\modulebase.h">
      <Filter>Header Files</Filter>
    </ClInclude>
    <ClInclude Include="include\module\multiply.h">
      <Filter>Header Files</Filter>
    </ClInclude>
    <ClInclude Include="include\module\perlin.h">
      <Filter>Header Files</Filter>
    </ClInclude>
    <ClInclude Include="include\module\power.h">
      <Filter>Header Files</Filter>
    </ClInclude>
    <ClInclude Include="include\module\ridgedmulti.h">
      <Filter>Header Files</Filter>
    </ClInclude>
    <ClInclude Include="include\module\rotatepoint.h">
      <Filter>Header Files</Filter>
    </ClInclude>
    <ClInclude Include="include\module\scalebias.h">
      <Filter>Header Files</Filter>
    </ClInclude>
    <ClInclude Include="include\module\scalepoint.h">
      <Filter>Header Files</Filter>
    </ClInclude>
    <ClInclude Include="include\module\select.h">
      <Filter>Header Files</Filter>
    </ClInclude>
    <ClInclude Include="include\module\spheres.h">
      <Filter>Header Files</Filter>
    </ClInclude>
    <ClInclude Include="include\module\terrace.h">
      <Filter>Header Files</Filter>
    </ClInclude>
    <ClInclude Include="include\module\translatepoint.h">
      <Filter>Header Files</Filter>
    </ClInclude>
    <ClInclude Include="include\module\turbulence.h">
      <Filter>Header Files</Filter>
    </ClInclude>
    <ClInclude Include="include\module\voronoi.h">
      <Filter>Header Files</Filter>
    </ClInclude>
  </ItemGroup>
  <ItemGroup>
    <ClCompile Include="src\latlon.cpp">
      <Filter>Source Files</Filter>
    </ClCompile>
    <ClCompile Include="src\noisegen.cpp">
      <Filter>Source Files</Filter>
    </ClCompile>
    <ClCompile Include="src\model\cylinder.cpp">
      <Filter>Source Files</Filter>
    </ClCompile>
    <ClCompile Include="src\model\line.cpp">
      <Filter>Source Files</Filter>
    </ClCompile>
    <ClCompile Include="src\model\plane.cpp">
      <Filter>Source Files</Filter>
    </ClCompile>
    <ClCompile Include="src\model\sphere.cpp">
      <Filter>Source Files</Filter>
    </ClCompile>
    <ClCompile Include="src\module\abs.cpp">
      <Filter>Source Files</Filter>
    </ClCompile>
    <ClCompile Include="src\module\add.cpp">
      <Filter>Source Files</Filter>
    </ClCompile>
    <ClCompile Include="src\module\billow.cpp">
      <Filter>Source Files</Filter>
    </ClCompile>
    <ClCompile Include="src\module\blend.cpp">
      <Filter>Source Files</Filter>
    </ClCompile>
    <ClCompile Include="src\module\cache.cpp">
      <Filter>Source Files</Filter>
    </ClCompile>
    <ClCompile Include="src\module\checkerboard.cpp">
      <Filter>Source Files</Filter>
    </ClCompile>
    <ClCompile Include="src\module\clamp.cpp">
      <Filter>Source Files</Filter>
    </ClCompile>
    <ClCompile Include="src\module\const.cpp">
      <Filter>Source Files</Filter>
    </ClCompile>
    <ClCompile Include="src\module\curve.cpp">
      <Filter>Source Files</Filter>
    </ClCompile>
    <ClCompile Include="src\module\cylinders.cpp">
      <Filter>Source Files</Filter>
    </ClCompile>
    <ClCompile Include="src\module\displace.cpp">
      <Filter>Source Files</Filter>
    </ClCompile>
    <ClCompile Include="src\module\exponent.cpp">
      <Filter>Source Files</Filter>
    </ClCompile>
    <ClCompile Include="src\module\invert.cpp">
      <Filter>Source Files</Filter>
    </ClCompile>
    <ClCompile Include="src\module\max.cpp">
      <Filter>Source Files</Filter>
    </ClCompile>
    <ClCompile Include="src\module\min.cpp">
      <Filter>Source Files</Filter>
    </ClCompile>
    <ClCompile Include="src\module\modulebase.cpp">
      <Filter>Source Files</Filter>
    </ClCompile>
    <ClCompile Include="src\module\multiply.cpp">
      <Filter>Source Files</Filter>
    </ClCompile>
    <ClCompile Include="src\module\perlin.cpp">
      <Filter>Source Files</Filter>
    </ClCompile>
    <ClCompile Include="src\module\power.cpp">
      <Filter>Source Files</Filter>
    </ClCompile>
    <ClCompile Include="src\module\ridgedmulti.cpp">
      <Filter>Source Files</Filter>
    </ClCompile>
    <ClCompile Include="src\module\rotatepoint.cpp">
      <Filter>Source Files</Filter>
    </ClCompile>
    <ClCompile Include="src\module\scalebias.cpp">
      <Filter>Source Files</Filter>
    </ClCompile>
    <ClCompile Include="src\module\scalepoint.cpp">
      <Filter>Source Files</Filter>
    </ClCompile>
    <ClCompile Include="src\module\select.cpp">
      <Filter>Source Files</Filter>
    </ClCompile>
    <ClCompile Include="src\module\spheres.cpp">
      <Filter>Source Files</Filter>
    </ClCompile>
    <ClCompile Include="src\module\terrace.cpp">
      <Filter>Source Files</Filter>
    </ClCompile>
    <ClCompile Include="src\module\translatepoint.cpp">
      <Filter>Source Files</Filter>
    </ClCompile>
    <ClCompile Include="src\module\turbulence.cpp">
      <Filter>Source Files</Filter>
    </ClCompile>
    <ClCompile Include="src\module\voronoi.cpp">
      <Filter>Source Files</Filter>
    </ClCompile>
  </ItemGroup>
</Project>