<?xml version="1.0" encoding="utf-8"?>
<Project ToolsVersion="4.0" xmlns="http://schemas.microsoft.com/developer/msbuild/2003">
  <ItemGroup>
    <Filter Include="Source Files">
      <UniqueIdentifier>{4FC737F1-C7A5-4376-A066-2A32D752A2FF}</UniqueIdentifier>
      <Extensions>cpp;c;cxx;def;odl;idl;hpj;bat;asm;asmx</Extensions>
    </Filter>
    <Filter Include="Header Files">
      <UniqueIdentifier>{93995380-89BD-4b04-88EB-625FBE52EBFB}</UniqueIdentifier>
      <Extensions>h;hpp;hxx;hm;inl;inc;xsd</Extensions>
    </Filter>
    <Filter Include="Resource Files">
      <UniqueIdentifier>{67DA6AB6-F800-4c08-8B7A-83BB121AAD01}</UniqueIdentifier>
      <Extensions>rc;ico;cur;bmp;dlg;rc2;rct;bin;rgs;gif;jpg;jpeg;jpe;resx</Extensions>
    </Filter>
  </ItemGroup>
  <ItemGroup>
    <ClCompile Include="src\dllmain.cpp">
      <Filter>Source Files</Filter>
    </ClCompile>
    <ClCompile Include="src\OgreMaxConfig.cpp">
      <Filter>Source Files</Filter>
    </ClCompile>
    <ClCompile Include="src\OgreMaxExport.cpp">
      <Filter>Source Files</Filter>
    </ClCompile>
    <ClCompile Include="src\OgreMaxExportTabGeneral.cpp">
      <Filter>Source Files</Filter>
    </ClCompile>
    <ClCompile Include="src\OgreMaxExportTabMaterial.cpp">
      <Filter>Source Files</Filter>
    </ClCompile>
    <ClCompile Include="src\OgreMaxExportTabMesh.cpp">
      <Filter>Source Files</Filter>
    </ClCompile>
    <ClCompile Include="src\OgreMaxExportTabSkeletalAnimation.cpp">
      <Filter>Source Files</Filter>
    </ClCompile>
    <ClCompile Include="src\OgreMaxExportTabVertexAnimation.cpp">
      <Filter>Source Files</Filter>
    </ClCompile>
    <ClCompile Include="src\OgreMaxMaterialExport.cpp">
      <Filter>Source Files</Filter>
    </ClCompile>
    <ClCompile Include="src\OgreMaxMeshExport.cpp">
      <Filter>Source Files</Filter>
    </ClCompile>
    <ClCompile Include="src\OgreMaxMeshXMLExport.cpp">
      <Filter>Source Files</Filter>
    </ClCompile>
    <ClCompile Include="src\OgreMaxVertex.cpp">
      <Filter>Source Files</Filter>
    </ClCompile>
  </ItemGroup>
  <ItemGroup>
    <ClInclude Include="include\OgreExport.h">
      <Filter>Header Files</Filter>
    </ClInclude>
    <ClInclude Include="include\OgreMaxConfig.h">
      <Filter>Header Files</Filter>
    </ClInclude>
    <ClInclude Include="include\OgreMaxExport.h">
      <Filter>Header Files</Filter>
    </ClInclude>
    <ClInclude Include="include\OgreMaxMaterialExport.h">
      <Filter>Header Files</Filter>
    </ClInclude>
    <ClInclude Include="include\OgreMaxMeshExport.h">
      <Filter>Header Files</Filter>
    </ClInclude>
    <ClInclude Include="include\OgreMaxMeshXMLExport.h">
      <Filter>Header Files</Filter>
    </ClInclude>
    <ClInclude Include="include\OgreMaxSkeletonXMLExport.h">
      <Filter>Header Files</Filter>
    </ClInclude>
    <ClInclude Include="include\OgreMaxVertex.h">
      <Filter>Header Files</Filter>
    </ClInclude>
    <ClInclude Include="include\resource.h">
      <Filter>Header Files</Filter>
    </ClInclude>
  </ItemGroup>
  <ItemGroup>
    <Image Include="..\..\..\PlatformManagers\Win32\misc\ogre.ico">
      <Filter>Resource Files</Filter>
    </Image>
    <Image Include="include\ogre.ico">
      <Filter>Resource Files</Filter>
    </Image>
    <Image Include="..\..\..\PlatformManagers\Win32\misc\ogrelogo.bmp">
      <Filter>Resource Files</Filter>
    </Image>
    <Image Include="include\ogrelogo.bmp">
      <Filter>Resource Files</Filter>
    </Image>
  </ItemGroup>
  <ItemGroup>
    <ResourceCompile Include="include\OgreMaxExporter.rc">
      <Filter>Resource Files</Filter>
    </ResourceCompile>
  </ItemGroup>
</Project>