<?xml version="1.0" encoding="utf-8"?>
<Project ToolsVersion="4.0" xmlns="http://schemas.microsoft.com/developer/msbuild/2003">
  <ItemGroup>
    <Filter Include="Source Files">
      <UniqueIdentifier>{4FC737F1-C7A5-4376-A066-2A32D752A2FF}</UniqueIdentifier>
      <Extensions>cpp;c;cc;cxx;def;odl;idl;hpj;bat;asm;asmx</Extensions>
    </Filter>
    <Filter Include="Header Files">
      <UniqueIdentifier>{93995380-89BD-4b04-88EB-625FBE52EBFB}</UniqueIdentifier>
      <Extensions>h;hpp;hxx;hm;inl;inc;xsd</Extensions>
    </Filter>
    <Filter Include="Resource Files">
      <UniqueIdentifier>{67DA6AB6-F800-4c08-8B7A-83BB121AAD01}</UniqueIdentifier>
      <Extensions>rc;ico;cur;bmp;dlg;rc2;rct;bin;rgs;gif;jpg;jpeg;jpe;resx;tiff;tif;png;wav</Extensions>
    </Filter>
  </ItemGroup>
  <ItemGroup>
    <ClCompile Include="src\DXUTenum.cpp">
      <Filter>Source Files</Filter>
    </ClCompile>
    <ClCompile Include="src\ImeUi.cpp">
      <Filter>Source Files</Filter>
    </ClCompile>
    <ClCompile Include="src\libc.cpp">
      <Filter>Source Files</Filter>
    </ClCompile>
    <ClCompile Include="src\myCollision.cpp">
      <Filter>Source Files</Filter>
    </ClCompile>
    <ClCompile Include="src\myDxutApp.cpp">
      <Filter>Source Files</Filter>
    </ClCompile>
    <ClCompile Include="src\myEffect.cpp">
      <Filter>Source Files</Filter>
    </ClCompile>
    <ClCompile Include="src\myEmitter.cpp">
      <Filter>Source Files</Filter>
    </ClCompile>
    <ClCompile Include="src\myException.cpp">
      <Filter>Source Files</Filter>
    </ClCompile>
    <ClCompile Include="src\myFont.cpp">
      <Filter>Source Files</Filter>
    </ClCompile>
    <ClCompile Include="src\myInput.cpp">
      <Filter>Source Files</Filter>
    </ClCompile>
    <ClCompile Include="src\myMath.cpp">
      <Filter>Source Files</Filter>
    </ClCompile>
    <ClCompile Include="src\myMesh.cpp">
      <Filter>Source Files</Filter>
    </ClCompile>
    <ClCompile Include="src\myOctree.cpp">
      <Filter>Source Files</Filter>
    </ClCompile>
    <ClCompile Include="src\myPhysics.cpp">
      <Filter>Source Files</Filter>
    </ClCompile>
    <ClCompile Include="src\myResource.cpp">
      <Filter>Source Files</Filter>
    </ClCompile>
    <ClCompile Include="src\mySingleton.cpp">
      <Filter>Source Files</Filter>
    </ClCompile>
    <ClCompile Include="src\mySkeleton.cpp">
      <Filter>Source Files</Filter>
    </ClCompile>
    <ClCompile Include="src\mySound.cpp">
      <Filter>Source Files</Filter>
    </ClCompile>
    <ClCompile Include="src\mySpline.cpp">
      <Filter>Source Files</Filter>
    </ClCompile>
    <ClCompile Include="src\myTask.cpp">
      <Filter>Source Files</Filter>
    </ClCompile>
    <ClCompile Include="src\myTexture.cpp">
      <Filter>Source Files</Filter>
    </ClCompile>
    <ClCompile Include="src\myThread.cpp">
      <Filter>Source Files</Filter>
    </ClCompile>
    <ClCompile Include="src\myUi.cpp">
      <Filter>Source Files</Filter>
    </ClCompile>
    <ClCompile Include="src\myUtility.cpp">
      <Filter>Source Files</Filter>
    </ClCompile>
    <ClCompile Include="src\PrintCallStack.cpp">
      <Filter>Source Files</Filter>
    </ClCompile>
    <ClCompile Include="src\myNavigation.cpp">
      <Filter>Source Files</Filter>
    </ClCompile>
    <ClCompile Include="src\Win32InputBox.cpp">
      <Filter>Source Files</Filter>
    </ClCompile>
    <ClCompile Include="src\myDxutApp11.cpp">
      <Filter>Source Files</Filter>
    </ClCompile>
  </ItemGroup>
  <ItemGroup>
    <ClInclude Include="include\DXUTenum.h">
      <Filter>Header Files</Filter>
    </ClInclude>
    <ClInclude Include="include\ImeUi.h">
      <Filter>Header Files</Filter>
    </ClInclude>
    <ClInclude Include="include\libc.h">
      <Filter>Header Files</Filter>
    </ClInclude>
    <ClInclude Include="include\myCollision.h">
      <Filter>Header Files</Filter>
    </ClInclude>
    <ClInclude Include="include\myD3dLib.h">
      <Filter>Header Files</Filter>
    </ClInclude>
    <ClInclude Include="include\myDxutApp.h">
      <Filter>Header Files</Filter>
    </ClInclude>
    <ClInclude Include="include\myEffect.h">
      <Filter>Header Files</Filter>
    </ClInclude>
    <ClInclude Include="include\myEmitter.h">
      <Filter>Header Files</Filter>
    </ClInclude>
    <ClInclude Include="include\myException.h">
      <Filter>Header Files</Filter>
    </ClInclude>
    <ClInclude Include="include\myFont.h">
      <Filter>Header Files</Filter>
    </ClInclude>
    <ClInclude Include="include\myInput.h">
      <Filter>Header Files</Filter>
    </ClInclude>
    <ClInclude Include="include\myMath.h">
      <Filter>Header Files</Filter>
    </ClInclude>
    <ClInclude Include="include\myMesh.h">
      <Filter>Header Files</Filter>
    </ClInclude>
    <ClInclude Include="include\myOctree.h">
      <Filter>Header Files</Filter>
    </ClInclude>
    <ClInclude Include="include\myPhysics.h">
      <Filter>Header Files</Filter>
    </ClInclude>
    <ClInclude Include="include\myResource.h">
      <Filter>Header Files</Filter>
    </ClInclude>
    <ClInclude Include="include\mySingleton.h">
      <Filter>Header Files</Filter>
    </ClInclude>
    <ClInclude Include="include\mySkeleton.h">
      <Filter>Header Files</Filter>
    </ClInclude>
    <ClInclude Include="include\mySound.h">
      <Filter>Header Files</Filter>
    </ClInclude>
    <ClInclude Include="include\mySpline.h">
      <Filter>Header Files</Filter>
    </ClInclude>
    <ClInclude Include="include\myTask.h">
      <Filter>Header Files</Filter>
    </ClInclude>
    <ClInclude Include="include\myTexture.h">
      <Filter>Header Files</Filter>
    </ClInclude>
    <ClInclude Include="include\myThread.h">
      <Filter>Header Files</Filter>
    </ClInclude>
    <ClInclude Include="include\myUi.h">
      <Filter>Header Files</Filter>
    </ClInclude>
    <ClInclude Include="include\myUtility.h">
      <Filter>Header Files</Filter>
    </ClInclude>
    <ClInclude Include="include\PrintCallStack.h">
      <Filter>Header Files</Filter>
    </ClInclude>
    <ClInclude Include="include\rapidxml.hpp">
      <Filter>Header Files</Filter>
    </ClInclude>
    <ClInclude Include="include\rapidxml_print.hpp">
      <Filter>Header Files</Filter>
    </ClInclude>
    <ClInclude Include="include\myNavigation.h">
      <Filter>Header Files</Filter>
    </ClInclude>
    <ClInclude Include="include\Win32InputBox.h">
      <Filter>Header Files</Filter>
    </ClInclude>
    <ClInclude Include="include\myDxutApp11.h">
      <Filter>Header Files</Filter>
    </ClInclude>
  </ItemGroup>
</Project>